
Microsoft Visual Studio Solution File, Format Version 12.00
# Visual Studio Version 16
VisualStudioVersion = 16.0.810.20
MinimumVisualStudioVersion = 10.0.40219.1
Project("{FAE04EC0-301F-11D3-BF4B-00C04F79EFBC}") = "UserData", "UserData.csproj", "{0CB7DB6E-E4B7-4853-B8C0-DB670F7BD02A}"
EndProject
Project("{FAE04EC0-301F-11D3-BF4B-00C04F79EFBC}") = "UserPIN", "UserPIN\UserPIN.csproj", "{8FC3AE66-2FB8-4290-82B7-C709ACFB02F5}"
EndProject
Project("{FAE04EC0-301F-11D3-BF4B-00C04F79EFBC}") = "UserDataWithDollar", "UserDataWithDollar\UserDataWithDollar.csproj", "{9DA2F6EB-2072-471F-A1F9-085B1EBC0256}"
EndProject
Project("{FAE04EC0-301F-11D3-BF4B-00C04F79EFBC}") = "InstagramAgeCheck", "InstagramAgeCheck\InstagramAgeCheck.csproj", "{D4A129EC-EBF8-43D1-8728-D0D767205881}"
EndProject
Project("{FAE04EC0-301F-11D3-BF4B-00C04F79EFBC}") = "DrivingLicence", "DrivingLicence\DrivingLicence.csproj", "{23935C9A-1A55-4A72-8D64-7A97E885D48B}"
EndProject
Global
	GlobalSection(SolutionConfigurationPlatforms) = preSolution
		Debug|Any CPU = Debug|Any CPU
		Release|Any CPU = Release|Any CPU
	EndGlobalSection
	GlobalSection(ProjectConfigurationPlatforms) = postSolution
		{0CB7DB6E-E4B7-4853-B8C0-DB670F7BD02A}.Debug|Any CPU.ActiveCfg = Debug|Any CPU
		{0CB7DB6E-E4B7-4853-B8C0-DB670F7BD02A}.Debug|Any CPU.Build.0 = Debug|Any CPU
		{0CB7DB6E-E4B7-4853-B8C0-DB670F7BD02A}.Release|Any CPU.ActiveCfg = Release|Any CPU
		{0CB7DB6E-E4B7-4853-B8C0-DB670F7BD02A}.Release|Any CPU.Build.0 = Release|Any CPU
		{8FC3AE66-2FB8-4290-82B7-C709ACFB02F5}.Debug|Any CPU.ActiveCfg = Debug|Any CPU
		{8FC3AE66-2FB8-4290-82B7-C709ACFB02F5}.Debug|Any CPU.Build.0 = Debug|Any CPU
		{8FC3AE66-2FB8-4290-82B7-C709ACFB02F5}.Release|Any CPU.ActiveCfg = Release|Any CPU
		{8FC3AE66-2FB8-4290-82B7-C709ACFB02F5}.Release|Any CPU.Build.0 = Release|Any CPU
		{9DA2F6EB-2072-471F-A1F9-085B1EBC0256}.Debug|Any CPU.ActiveCfg = Debug|Any CPU
		{9DA2F6EB-2072-471F-A1F9-085B1EBC0256}.Debug|Any CPU.Build.0 = Debug|Any CPU
		{9DA2F6EB-2072-471F-A1F9-085B1EBC0256}.Release|Any CPU.ActiveCfg = Release|Any CPU
		{9DA2F6EB-2072-471F-A1F9-085B1EBC0256}.Release|Any CPU.Build.0 = Release|Any CPU
		{D4A129EC-EBF8-43D1-8728-D0D767205881}.Debug|Any CPU.ActiveCfg = Debug|Any CPU
		{D4A129EC-EBF8-43D1-8728-D0D767205881}.Debug|Any CPU.Build.0 = Debug|Any CPU
		{D4A129EC-EBF8-43D1-8728-D0D767205881}.Release|Any CPU.ActiveCfg = Release|Any CPU
		{D4A129EC-EBF8-43D1-8728-D0D767205881}.Release|Any CPU.Build.0 = Release|Any CPU
		{23935C9A-1A55-4A72-8D64-7A97E885D48B}.Debug|Any CPU.ActiveCfg = Debug|Any CPU
		{23935C9A-1A55-4A72-8D64-7A97E885D48B}.Debug|Any CPU.Build.0 = Debug|Any CPU
		{23935C9A-1A55-4A72-8D64-7A97E885D48B}.Release|Any CPU.ActiveCfg = Release|Any CPU
		{23935C9A-1A55-4A72-8D64-7A97E885D48B}.Release|Any CPU.Build.0 = Release|Any CPU
	EndGlobalSection
	GlobalSection(SolutionProperties) = preSolution
		HideSolutionNode = FALSE
	EndGlobalSection
	GlobalSection(ExtensibilityGlobals) = postSolution
		SolutionGuid = {CF71021B-EE6A-4A64-9924-07FDD298F9F9}
	EndGlobalSection
EndGlobal
